
Microsoft Visual Studio Solution File, Format Version 12.00
# Visual Studio Version 16
VisualStudioVersion = 16.0.28729.10
MinimumVisualStudioVersion = 10.0.40219.1
Project("{FAE04EC0-301F-11D3-BF4B-00C04F79EFBC}") = "RPGBot", "RPGBot\RPGBot.csproj", "{3E99B908-73F6-4E2F-B5D8-AC63DC42644C}"
EndProject
Global
	GlobalSection(SolutionConfigurationPlatforms) = preSolution
		Debug|Any CPU = Debug|Any CPU
		Release|Any CPU = Release|Any CPU
	EndGlobalSection
	GlobalSection(ProjectConfigurationPlatforms) = postSolution
		{3E99B908-73F6-4E2F-B5D8-AC63DC42644C}.Debug|Any CPU.ActiveCfg = Debug|Any CPU
		{3E99B908-73F6-4E2F-B5D8-AC63DC42644C}.Debug|Any CPU.Build.0 = Debug|Any CPU
		{3E99B908-73F6-4E2F-B5D8-AC63DC42644C}.Release|Any CPU.ActiveCfg = Release|Any CPU
		{3E99B908-73F6-4E2F-B5D8-AC63DC42644C}.Release|Any CPU.Build.0 = Release|Any CPU
	EndGlobalSection
	GlobalSection(SolutionProperties) = preSolution
		HideSolutionNode = FALSE
	EndGlobalSection
	GlobalSection(ExtensibilityGlobals) = postSolution
		SolutionGuid = {6BFBC5DB-C6CC-4E98-92AD-029C5A433A4C}
	EndGlobalSection
EndGlobal
